{
  "lockfile_version": "1",
  "packages": {
    "direnv@latest": {
      "last_modified": "2026-05-21T08:15:18Z",
      "resolved": "github:NixOS/nixpkgs/4a29d733e8a7d5b824c3d8c958a946a9867b3eb2#direnv",
      "source": "devbox-search",
      "version": "2.37.1",
      "systems": {
        "aarch64-darwin": {
          "outputs": [
            {
              "name": "out",
              "path": "/nix/store/grzqi3h94xrhi7rgghfy85szd1f14rpv-direnv-2.37.1",
              "default": true
            }
          ],
          "store_path": "/nix/store/grzqi3h94xrhi7rgghfy85szd1f14rpv-direnv-2.37.1"
        },
        "aarch64-linux": {
          "outputs": [
            {
              "name": "out",
              "path": "/nix/store/80sxap7sg4q3l0x8i5vk2xnaqkdyv5zh-direnv-2.37.1",
              "default": true
            }
          ],
          "store_path": "/nix/store/80sxap7sg4q3l0x8i5vk2xnaqkdyv5zh-direnv-2.37.1"
        },
        "x86_64-darwin": {
          "outputs": [
            {
              "name": "out",
              "path": "/nix/store/wwg5y1lp99133n0irr1fb0hd18wwk332-direnv-2.37.1",
              "default": true
            }
          ],
          "store_path": "/nix/store/wwg5y1lp99133n0irr1fb0hd18wwk332-direnv-2.37.1"
        },
        "x86_64-linux": {
          "outputs": [
            {
              "name": "out",
              "path": "/nix/store/7i5ac4459q4jvr49bi7rbr41k8kx6b29-direnv-2.37.1",
              "default": true
            }
          ],
          "store_path": "/nix/store/7i5ac4459q4jvr49bi7rbr41k8kx6b29-direnv-2.37.1"
        }
      }
    },
    "github:NixOS/nixpkgs/nixpkgs-unstable": {
      "last_modified": "2026-06-02T02:01:59Z",
      "resolved": "github:NixOS/nixpkgs/ffa10e26ae11d676b2db836259889f1f571cb14f?lastModified=1780365719"
    },
    "mkcert@latest": {
      "last_modified": "2026-05-21T08:15:18Z",
      "resolved": "github:NixOS/nixpkgs/4a29d733e8a7d5b824c3d8c958a946a9867b3eb2#mkcert",
      "source": "devbox-search",
      "version": "1.4.4",
      "systems": {
        "aarch64-darwin": {
          "outputs": [
            {
              "name": "out",
              "path": "/nix/store/4dp6lzgk6lkqhja3mq88kl785dsc0blx-mkcert-1.4.4",
              "default": true
            }
          ],
          "store_path": "/nix/store/4dp6lzgk6lkqhja3mq88kl785dsc0blx-mkcert-1.4.4"
        },
        "aarch64-linux": {
          "outputs": [
            {
              "name": "out",
              "path": "/nix/store/p96n0hiv4rfr040fzzwqh4kbqv1fmphg-mkcert-1.4.4",
              "default": true
            }
          ],
          "store_path": "/nix/store/p96n0hiv4rfr040fzzwqh4kbqv1fmphg-mkcert-1.4.4"
        },
        "x86_64-darwin": {
          "outputs": [
            {
              "name": "out",
              "path": "/nix/store/6vd2hamgsvz8virvn2yrlg38xqjcvmwi-mkcert-1.4.4",
              "default": true
            }
          ],
          "store_path": "/nix/store/6vd2hamgsvz8virvn2yrlg38xqjcvmwi-mkcert-1.4.4"
        },
        "x86_64-linux": {
          "outputs": [
            {
              "name": "out",
              "path": "/nix/store/rvbgzpq1fnjsznx579hvhalglgjrsfkv-mkcert-1.4.4",
              "default": true
            }
          ],
          "store_path": "/nix/store/rvbgzpq1fnjsznx579hvhalglgjrsfkv-mkcert-1.4.4"
        }
      }
    },
    "nodejs@22": {
      "last_modified": "2026-05-21T08:15:18Z",
      "plugin_version": "0.0.2",
      "resolved": "github:NixOS/nixpkgs/4a29d733e8a7d5b824c3d8c958a946a9867b3eb2#nodejs_22",
      "source": "devbox-search",
      "version": "22.22.3",
      "systems": {
        "aarch64-darwin": {
          "outputs": [
            {
              "name": "out",
              "path": "/nix/store/k1yy2d1h7pvpac7m14vmaw23j529fpza-nodejs-22.22.3",
              "default": true
            }
          ],
          "store_path": "/nix/store/k1yy2d1h7pvpac7m14vmaw23j529fpza-nodejs-22.22.3"
        },
        "aarch64-linux": {
          "outputs": [
            {
              "name": "out",
              "path": "/nix/store/d8zana2n6i904c088i533ivg1j817x8v-nodejs-22.22.3",
              "default": true
            }
          ],
          "store_path": "/nix/store/d8zana2n6i904c088i533ivg1j817x8v-nodejs-22.22.3"
        },
        "x86_64-darwin": {
          "outputs": [
            {
              "name": "out",
              "path": "/nix/store/9yvmgryhhwnswgaji30cpw4m9swhv1ia-nodejs-22.22.3",
              "default": true
            }
          ],
          "store_path": "/nix/store/9yvmgryhhwnswgaji30cpw4m9swhv1ia-nodejs-22.22.3"
        },
        "x86_64-linux": {
          "outputs": [
            {
              "name": "out",
              "path": "/nix/store/ac9bklddx1klg92hj7r08xmpky1nwag2-nodejs-22.22.3",
              "default": true
            }
          ],
          "store_path": "/nix/store/ac9bklddx1klg92hj7r08xmpky1nwag2-nodejs-22.22.3"
        }
      }
    }
  }
}
